
Microsoft Visual Studio Solution File, Format Version 12.00
# Visual Studio Version 16
VisualStudioVersion = 16.0.31321.278
MinimumVisualStudioVersion = 10.0.40219.1
Project("{FAE04EC0-301F-11D3-BF4B-00C04F79EFBC}") = "Vidly_MVCProject", "Vidly_MVCProject.csproj", "{6FA5F7C4-99E8-4FFE-B2F5-6C198931F8F1}"
EndProject
Global
	GlobalSection(SolutionConfigurationPlatforms) = preSolution
		Debug|Any CPU = Debug|Any CPU
		Release|Any CPU = Release|Any CPU
		Testing|Any CPU = Testing|Any CPU
	EndGlobalSection
	GlobalSection(ProjectConfigurationPlatforms) = postSolution
		{6FA5F7C4-99E8-4FFE-B2F5-6C198931F8F1}.Debug|Any CPU.ActiveCfg = Debug|Any CPU
		{6FA5F7C4-99E8-4FFE-B2F5-6C198931F8F1}.Debug|Any CPU.Build.0 = Debug|Any CPU
		{6FA5F7C4-99E8-4FFE-B2F5-6C198931F8F1}.Release|Any CPU.ActiveCfg = Release|Any CPU
		{6FA5F7C4-99E8-4FFE-B2F5-6C198931F8F1}.Release|Any CPU.Build.0 = Release|Any CPU
		{6FA5F7C4-99E8-4FFE-B2F5-6C198931F8F1}.Testing|Any CPU.ActiveCfg = Testing|Any CPU
		{6FA5F7C4-99E8-4FFE-B2F5-6C198931F8F1}.Testing|Any CPU.Build.0 = Testing|Any CPU
	EndGlobalSection
	GlobalSection(SolutionProperties) = preSolution
		HideSolutionNode = FALSE
	EndGlobalSection
	GlobalSection(ExtensibilityGlobals) = postSolution
		SolutionGuid = {113C9F49-7616-4E6A-931D-102B1BF13D26}
	EndGlobalSection
EndGlobal
